// !$*UTF8*$!
{
	archiveVersion = 1;
	classes = {
	};
	objectVersion = 50;
	objects = {

/* Begin PBXBuildFile section */
		B014EDC5256E2926002FC310 /* CGPathsView.m in Sources */ = {isa = PBXBuildFile; fileRef = B014EDC4256E2926002FC310 /* CGPathsView.m */; };
		B014EDCA256E3EB9002FC310 /* scratch in Resources */ = {isa = PBXBuildFile; fileRef = B014EDC9256E3EB9002FC310 /* scratch */; };
		B0BE17A4256E1F84009571B8 /* AppDelegate.m in Sources */ = {isa = PBXBuildFile; fileRef = B0BE17A3256E1F84009571B8 /* AppDelegate.m */; };
		B0BE17A7256E1F84009571B8 /* ViewController.m in Sources */ = {isa = PBXBuildFile; fileRef = B0BE17A6256E1F84009571B8 /* ViewController.m */; };
		B0BE17A9256E1F87009571B8 /* Assets.xcassets in Resources */ = {isa = PBXBuildFile; fileRef = B0BE17A8256E1F87009571B8 /* Assets.xcassets */; };
		B0BE17AC256E1F87009571B8 /* Main.storyboard in Resources */ = {isa = PBXBuildFile; fileRef = B0BE17AA256E1F87009571B8 /* Main.storyboard */; };
		B0BE17AF256E1F87009571B8 /* main.m in Sources */ = {isa = PBXBuildFile; fileRef = B0BE17AE256E1F87009571B8 /* main.m */; };
		B0BE17BA256E1F87009571B8 /* BussolaTests.m in Sources */ = {isa = PBXBuildFile; fileRef = B0BE17B9256E1F87009571B8 /* BussolaTests.m */; };
		B0BE17C5256E1F87009571B8 /* BussolaUITests.m in Sources */ = {isa = PBXBuildFile; fileRef = B0BE17C4256E1F87009571B8 /* BussolaUITests.m */; };
/* End PBXBuildFile section */

/* Begin PBXContainerItemProxy section */
		B0BE17B6256E1F87009571B8 /* PBXContainerItemProxy */ = {
			isa = PBXContainerItemProxy;
			containerPortal = B0BE1797256E1F84009571B8 /* Project object */;
			proxyType = 1;
			remoteGlobalIDString = B0BE179E256E1F84009571B8;
			remoteInfo = Bussola;
		};
		B0BE17C1256E1F87009571B8 /* PBXContainerItemProxy */ = {
			isa = PBXContainerItemProxy;
			containerPortal = B0BE1797256E1F84009571B8 /* Project object */;
			proxyType = 1;
			remoteGlobalIDString = B0BE179E256E1F84009571B8;
			remoteInfo = Bussola;
		};
/* End PBXContainerItemProxy section */

/* Begin PBXFileReference section */
		B014EDC3256E2926002FC310 /* CGPathsView.h */ = {isa = PBXFileReference; lastKnownFileType = sourcecode.c.h; path = CGPathsView.h; sourceTree = "<group>"; };
		B014EDC4256E2926002FC310 /* CGPathsView.m */ = {isa = PBXFileReference; lastKnownFileType = sourcecode.c.objc; path = CGPathsView.m; sourceTree = "<group>"; };
		B014EDC9256E3EB9002FC310 /* scratch */ = {isa = PBXFileReference; lastKnownFileType = text; path = scratch; sourceTree = "<group>"; };
		B0BE179F256E1F84009571B8 /* Bussola.app */ = {isa = PBXFileReference; explicitFileType = wrapper.application; includeInIndex = 0; path = Bussola.app; sourceTree = BUILT_PRODUCTS_DIR; };
		B0BE17A2256E1F84009571B8 /* AppDelegate.h */ = {isa = PBXFileReference; lastKnownFileType = sourcecode.c.h; path = AppDelegate.h; sourceTree = "<group>"; };
		B0BE17A3256E1F84009571B8 /* AppDelegate.m */ = {isa = PBXFileReference; lastKnownFileType = sourcecode.c.objc; path = AppDelegate.m; sourceTree = "<group>"; };
		B0BE17A5256E1F84009571B8 /* ViewController.h */ = {isa = PBXFileReference; lastKnownFileType = sourcecode.c.h; path = ViewController.h; sourceTree = "<group>"; };
		B0BE17A6256E1F84009571B8 /* ViewController.m */ = {isa = PBXFileReference; lastKnownFileType = sourcecode.c.objc; path = ViewController.m; sourceTree = "<group>"; };
		B0BE17A8256E1F87009571B8 /* Assets.xcassets */ = {isa = PBXFileReference; lastKnownFileType = folder.assetcatalog; path = Assets.xcassets; sourceTree = "<group>"; };
		B0BE17AB256E1F87009571B8 /* Base */ = {isa = PBXFileReference; lastKnownFileType = file.storyboard; name = Base; path = Base.lproj/Main.storyboard; sourceTree = "<group>"; };
		B0BE17AD256E1F87009571B8 /* Info.plist */ = {isa = PBXFileReference; lastKnownFileType = text.plist.xml; path = Info.plist; sourceTree = "<group>"; };
		B0BE17AE256E1F87009571B8 /* main.m */ = {isa = PBXFileReference; lastKnownFileType = sourcecode.c.objc; path = main.m; sourceTree = "<group>"; };
		B0BE17B0256E1F87009571B8 /* Bussola.entitlements */ = {isa = PBXFileReference; lastKnownFileType = text.plist.entitlements; path = Bussola.entitlements; sourceTree = "<group>"; };
		B0BE17B5256E1F87009571B8 /* BussolaTests.xctest */ = {isa = PBXFileReference; explicitFileType = wrapper.cfbundle; includeInIndex = 0; path = BussolaTests.xctest; sourceTree = BUILT_PRODUCTS_DIR; };
		B0BE17B9256E1F87009571B8 /* BussolaTests.m */ = {isa = PBXFileReference; lastKnownFileType = sourcecode.c.objc; path = BussolaTests.m; sourceTree = "<group>"; };
		B0BE17BB256E1F87009571B8 /* Info.plist */ = {isa = PBXFileReference; lastKnownFileType = text.plist.xml; path = Info.plist; sourceTree = "<group>"; };
		B0BE17C0256E1F87009571B8 /* BussolaUITests.xctest */ = {isa = PBXFileReference; explicitFileType = wrapper.cfbundle; includeInIndex = 0; path = BussolaUITests.xctest; sourceTree = BUILT_PRODUCTS_DIR; };
		B0BE17C4256E1F87009571B8 /* BussolaUITests.m */ = {isa = PBXFileReference; lastKnownFileType = sourcecode.c.objc; path = BussolaUITests.m; sourceTree = "<group>"; };
		B0BE17C6256E1F87009571B8 /* Info.plist */ = {isa = PBXFileReference; lastKnownFileType = text.plist.xml; path = Info.plist; sourceTree = "<group>"; };
/* End PBXFileReference section */

/* Begin PBXFrameworksBuildPhase section */
		B0BE179C256E1F84009571B8 /* Frameworks */ = {
			isa = PBXFrameworksBuildPhase;
			buildActionMask = 2147483647;
			files = (
			);
			runOnlyForDeploymentPostprocessing = 0;
		};
		B0BE17B2256E1F87009571B8 /* Frameworks */ = {
			isa = PBXFrameworksBuildPhase;
			buildActionMask = 2147483647;
			files = (
			);
			runOnlyForDeploymentPostprocessing = 0;
		};
		B0BE17BD256E1F87009571B8 /* Frameworks */ = {
			isa = PBXFrameworksBuildPhase;
			buildActionMask = 2147483647;
			files = (
			);
			runOnlyForDeploymentPostprocessing = 0;
		};
/* End PBXFrameworksBuildPhase section */

/* Begin PBXGroup section */
		B0BE1796256E1F84009571B8 = {
			isa = PBXGroup;
			children = (
				B0BE17A1256E1F84009571B8 /* Bussola */,
				B0BE17B8256E1F87009571B8 /* BussolaTests */,
				B0BE17C3256E1F87009571B8 /* BussolaUITests */,
				B0BE17A0256E1F84009571B8 /* Products */,
			);
			sourceTree = "<group>";
		};
		B0BE17A0256E1F84009571B8 /* Products */ = {
			isa = PBXGroup;
			children = (
				B0BE179F256E1F84009571B8 /* Bussola.app */,
				B0BE17B5256E1F87009571B8 /* BussolaTests.xctest */,
				B0BE17C0256E1F87009571B8 /* BussolaUITests.xctest */,
			);
			name = Products;
			sourceTree = "<group>";
		};
		B0BE17A1256E1F84009571B8 /* Bussola */ = {
			isa = PBXGroup;
			children = (
				B0BE17A2256E1F84009571B8 /* AppDelegate.h */,
				B0BE17A3256E1F84009571B8 /* AppDelegate.m */,
				B0BE17A5256E1F84009571B8 /* ViewController.h */,
				B0BE17A6256E1F84009571B8 /* ViewController.m */,
				B0BE17A8256E1F87009571B8 /* Assets.xcassets */,
				B0BE17AA256E1F87009571B8 /* Main.storyboard */,
				B0BE17AD256E1F87009571B8 /* Info.plist */,
				B0BE17AE256E1F87009571B8 /* main.m */,
				B0BE17B0256E1F87009571B8 /* Bussola.entitlements */,
				B014EDC3256E2926002FC310 /* CGPathsView.h */,
				B014EDC4256E2926002FC310 /* CGPathsView.m */,
				B014EDC9256E3EB9002FC310 /* scratch */,
			);
			path = Bussola;
			sourceTree = "<group>";
		};
		B0BE17B8256E1F87009571B8 /* BussolaTests */ = {
			isa = PBXGroup;
			children = (
				B0BE17B9256E1F87009571B8 /* BussolaTests.m */,
				B0BE17BB256E1F87009571B8 /* Info.plist */,
			);
			path = BussolaTests;
			sourceTree = "<group>";
		};
		B0BE17C3256E1F87009571B8 /* BussolaUITests */ = {
			isa = PBXGroup;
			children = (
				B0BE17C4256E1F87009571B8 /* BussolaUITests.m */,
				B0BE17C6256E1F87009571B8 /* Info.plist */,
			);
			path = BussolaUITests;
			sourceTree = "<group>";
		};
/* End PBXGroup section */

/* Begin PBXNativeTarget section */
		B0BE179E256E1F84009571B8 /* Bussola */ = {
			isa = PBXNativeTarget;
			buildConfigurationList = B0BE17C9256E1F87009571B8 /* Build configuration list for PBXNativeTarget "Bussola" */;
			buildPhases = (
				B0BE179B256E1F84009571B8 /* Sources */,
				B0BE179C256E1F84009571B8 /* Frameworks */,
				B0BE179D256E1F84009571B8 /* Resources */,
			);
			buildRules = (
			);
			dependencies = (
			);
			name = Bussola;
			productName = Bussola;
			productReference = B0BE179F256E1F84009571B8 /* Bussola.app */;
			productType = "com.apple.product-type.application";
		};
		B0BE17B4256E1F87009571B8 /* BussolaTests */ = {
			isa = PBXNativeTarget;
			buildConfigurationList = B0BE17CC256E1F87009571B8 /* Build configuration list for PBXNativeTarget "BussolaTests" */;
			buildPhases = (
				B0BE17B1256E1F87009571B8 /* Sources */,
				B0BE17B2256E1F87009571B8 /* Frameworks */,
				B0BE17B3256E1F87009571B8 /* Resources */,
			);
			buildRules = (
			);
			dependencies = (
				B0BE17B7256E1F87009571B8 /* PBXTargetDependency */,
			);
			name = BussolaTests;
			productName = BussolaTests;
			productReference = B0BE17B5256E1F87009571B8 /* BussolaTests.xctest */;
			productType = "com.apple.product-type.bundle.unit-test";
		};
		B0BE17BF256E1F87009571B8 /* BussolaUITests */ = {
			isa = PBXNativeTarget;
			buildConfigurationList = B0BE17CF256E1F87009571B8 /* Build configuration list for PBXNativeTarget "BussolaUITests" */;
			buildPhases = (
				B0BE17BC256E1F87009571B8 /* Sources */,
				B0BE17BD256E1F87009571B8 /* Frameworks */,
				B0BE17BE256E1F87009571B8 /* Resources */,
			);
			buildRules = (
			);
			dependencies = (
				B0BE17C2256E1F87009571B8 /* PBXTargetDependency */,
			);
			name = BussolaUITests;
			productName = BussolaUITests;
			productReference = B0BE17C0256E1F87009571B8 /* BussolaUITests.xctest */;
			productType = "com.apple.product-type.bundle.ui-testing";
		};
/* End PBXNativeTarget section */

/* Begin PBXProject section */
		B0BE1797256E1F84009571B8 /* Project object */ = {
			isa = PBXProject;
			attributes = {
				LastUpgradeCheck = 1210;
				TargetAttributes = {
					B0BE179E256E1F84009571B8 = {
						CreatedOnToolsVersion = 12.1;
					};
					B0BE17B4256E1F87009571B8 = {
						CreatedOnToolsVersion = 12.1;
						TestTargetID = B0BE179E256E1F84009571B8;
					};
					B0BE17BF256E1F87009571B8 = {
						CreatedOnToolsVersion = 12.1;
						TestTargetID = B0BE179E256E1F84009571B8;
					};
				};
			};
			buildConfigurationList = B0BE179A256E1F84009571B8 /* Build configuration list for PBXProject "Bussola" */;
			compatibilityVersion = "Xcode 9.3";
			developmentRegion = en;
			hasScannedForEncodings = 0;
			knownRegions = (
				en,
				Base,
			);
			mainGroup = B0BE1796256E1F84009571B8;
			productRefGroup = B0BE17A0256E1F84009571B8 /* Products */;
			projectDirPath = "";
			projectRoot = "";
			targets = (
				B0BE179E256E1F84009571B8 /* Bussola */,
				B0BE17B4256E1F87009571B8 /* BussolaTests */,
				B0BE17BF256E1F87009571B8 /* BussolaUITests */,
			);
		};
/* End PBXProject section */

/* Begin PBXResourcesBuildPhase section */
		B0BE179D256E1F84009571B8 /* Resources */ = {
			isa = PBXResourcesBuildPhase;
			buildActionMask = 2147483647;
			files = (
				B014EDCA256E3EB9002FC310 /* scratch in Resources */,
				B0BE17A9256E1F87009571B8 /* Assets.xcassets in Resources */,
				B0BE17AC256E1F87009571B8 /* Main.storyboard in Resources */,
			);
			runOnlyForDeploymentPostprocessing = 0;
		};
		B0BE17B3256E1F87009571B8 /* Resources */ = {
			isa = PBXResourcesBuildPhase;
			buildActionMask = 2147483647;
			files = (
			);
			runOnlyForDeploymentPostprocessing = 0;
		};
		B0BE17BE256E1F87009571B8 /* Resources */ = {
			isa = PBXResourcesBuildPhase;
			buildActionMask = 2147483647;
			files = (
			);
			runOnlyForDeploymentPostprocessing = 0;
		};
/* End PBXResourcesBuildPhase section */

/* Begin PBXSourcesBuildPhase section */
		B0BE179B256E1F84009571B8 /* Sources */ = {
			isa = PBXSourcesBuildPhase;
			buildActionMask = 2147483647;
			files = (
				B0BE17A7256E1F84009571B8 /* ViewController.m in Sources */,
				B014EDC5256E2926002FC310 /* CGPathsView.m in Sources */,
				B0BE17AF256E1F87009571B8 /* main.m in Sources */,
				B0BE17A4256E1F84009571B8 /* AppDelegate.m in Sources */,
			);
			runOnlyForDeploymentPostprocessing = 0;
		};
		B0BE17B1256E1F87009571B8 /* Sources */ = {
			isa = PBXSourcesBuildPhase;
			buildActionMask = 2147483647;
			files = (
				B0BE17BA256E1F87009571B8 /* BussolaTests.m in Sources */,
			);
			runOnlyForDeploymentPostprocessing = 0;
		};
		B0BE17BC256E1F87009571B8 /* Sources */ = {
			isa = PBXSourcesBuildPhase;
			buildActionMask = 2147483647;
			files = (
				B0BE17C5256E1F87009571B8 /* BussolaUITests.m in Sources */,
			);
			runOnlyForDeploymentPostprocessing = 0;
		};
/* End PBXSourcesBuildPhase section */

/* Begin PBXTargetDependency section */
		B0BE17B7256E1F87009571B8 /* PBXTargetDependency */ = {
			isa = PBXTargetDependency;
			target = B0BE179E256E1F84009571B8 /* Bussola */;
			targetProxy = B0BE17B6256E1F87009571B8 /* PBXContainerItemProxy */;
		};
		B0BE17C2256E1F87009571B8 /* PBXTargetDependency */ = {
			isa = PBXTargetDependency;
			target = B0BE179E256E1F84009571B8 /* Bussola */;
			targetProxy = B0BE17C1256E1F87009571B8 /* PBXContainerItemProxy */;
		};
/* End PBXTargetDependency section */

/* Begin PBXVariantGroup section */
		B0BE17AA256E1F87009571B8 /* Main.storyboard */ = {
			isa = PBXVariantGroup;
			children = (
				B0BE17AB256E1F87009571B8 /* Base */,
			);
			name = Main.storyboard;
			sourceTree = "<group>";
		};
/* End PBXVariantGroup section */

/* Begin XCBuildConfiguration section */
		B0BE17C7256E1F87009571B8 /* Debug */ = {
			isa = XCBuildConfiguration;
			buildSettings = {
				ALWAYS_SEARCH_USER_PATHS = NO;
				CLANG_ANALYZER_NONNULL = YES;
				CLANG_ANALYZER_NUMBER_OBJECT_CONVERSION = YES_AGGRESSIVE;
				CLANG_CXX_LANGUAGE_STANDARD = "gnu++14";
				CLANG_CXX_LIBRARY = "libc++";
				CLANG_ENABLE_MODULES = YES;
				CLANG_ENABLE_OBJC_ARC = YES;
				CLANG_ENABLE_OBJC_WEAK = YES;
				CLANG_WARN_BLOCK_CAPTURE_AUTORELEASING = YES;
				CLANG_WARN_BOOL_CONVERSION = YES;
				CLANG_WARN_COMMA = YES;
				CLANG_WARN_CONSTANT_CONVERSION = YES;
				CLANG_WARN_DEPRECATED_OBJC_IMPLEMENTATIONS = YES;
				CLANG_WARN_DIRECT_OBJC_ISA_USAGE = YES_ERROR;
				CLANG_WARN_DOCUMENTATION_COMMENTS = YES;
				CLANG_WARN_EMPTY_BODY = YES;
				CLANG_WARN_ENUM_CONVERSION = YES;
				CLANG_WARN_INFINITE_RECURSION = YES;
				CLANG_WARN_INT_CONVERSION = YES;
				CLANG_WARN_NON_LITERAL_NULL_CONVERSION = YES;
				CLANG_WARN_OBJC_IMPLICIT_RETAIN_SELF = YES;
				CLANG_WARN_OBJC_LITERAL_CONVERSION = YES;
				CLANG_WARN_OBJC_ROOT_CLASS = YES_ERROR;
				CLANG_WARN_QUOTED_INCLUDE_IN_FRAMEWORK_HEADER = YES;
				CLANG_WARN_RANGE_LOOP_ANALYSIS = YES;
				CLANG_WARN_STRICT_PROTOTYPES = YES;
				CLANG_WARN_SUSPICIOUS_MOVE = YES;
				CLANG_WARN_UNGUARDED_AVAILABILITY = YES_AGGRESSIVE;
				CLANG_WARN_UNREACHABLE_CODE = YES;
				CLANG_WARN__DUPLICATE_METHOD_MATCH = YES;
				COPY_PHASE_STRIP = NO;
				DEBUG_INFORMATION_FORMAT = dwarf;
				ENABLE_STRICT_OBJC_MSGSEND = YES;
				ENABLE_TESTABILITY = YES;
				GCC_C_LANGUAGE_STANDARD = gnu11;
				GCC_DYNAMIC_NO_PIC = NO;
				GCC_NO_COMMON_BLOCKS = YES;
				GCC_OPTIMIZATION_LEVEL = 0;
				GCC_PREPROCESSOR_DEFINITIONS = (
					"DEBUG=1",
					"$(inherited)",
				);
				GCC_WARN_64_TO_32_BIT_CONVERSION = YES;
				GCC_WARN_ABOUT_RETURN_TYPE = YES_ERROR;
				GCC_WARN_UNDECLARED_SELECTOR = YES;
				GCC_WARN_UNINITIALIZED_AUTOS = YES_AGGRESSIVE;
				GCC_WARN_UNUSED_FUNCTION = YES;
				GCC_WARN_UNUSED_VARIABLE = YES;
				MACOSX_DEPLOYMENT_TARGET = 10.15;
				MTL_ENABLE_DEBUG_INFO = INCLUDE_SOURCE;
				MTL_FAST_MATH = YES;
				ONLY_ACTIVE_ARCH = YES;
				SDKROOT = macosx;
			};
			name = Debug;
		};
		B0BE17C8256E1F87009571B8 /* Release */ = {
			isa = XCBuildConfiguration;
			buildSettings = {
				ALWAYS_SEARCH_USER_PATHS = NO;
				CLANG_ANALYZER_NONNULL = YES;
				CLANG_ANALYZER_NUMBER_OBJECT_CONVERSION = YES_AGGRESSIVE;
				CLANG_CXX_LANGUAGE_STANDARD = "gnu++14";
				CLANG_CXX_LIBRARY = "libc++";
				CLANG_ENABLE_MODULES = YES;
				CLANG_ENABLE_OBJC_ARC = YES;
				CLANG_ENABLE_OBJC_WEAK = YES;
				CLANG_WARN_BLOCK_CAPTURE_AUTORELEASING = YES;
				CLANG_WARN_BOOL_CONVERSION = YES;
				CLANG_WARN_COMMA = YES;
				CLANG_WARN_CONSTANT_CONVERSION = YES;
				CLANG_WARN_DEPRECATED_OBJC_IMPLEMENTATIONS = YES;
				CLANG_WARN_DIRECT_OBJC_ISA_USAGE = YES_ERROR;
				CLANG_WARN_DOCUMENTATION_COMMENTS = YES;
				CLANG_WARN_EMPTY_BODY = YES;
				CLANG_WARN_ENUM_CONVERSION = YES;
				CLANG_WARN_INFINITE_RECURSION = YES;
				CLANG_WARN_INT_CONVERSION = YES;
				CLANG_WARN_NON_LITERAL_NULL_CONVERSION = YES;
				CLANG_WARN_OBJC_IMPLICIT_RETAIN_SELF = YES;
				CLANG_WARN_OBJC_LITERAL_CONVERSION = YES;
				CLANG_WARN_OBJC_ROOT_CLASS = YES_ERROR;
				CLANG_WARN_QUOTED_INCLUDE_IN_FRAMEWORK_HEADER = YES;
				CLANG_WARN_RANGE_LOOP_ANALYSIS = YES;
				CLANG_WARN_STRICT_PROTOTYPES = YES;
				CLANG_WARN_SUSPICIOUS_MOVE = YES;
				CLANG_WARN_UNGUARDED_AVAILABILITY = YES_AGGRESSIVE;
				CLANG_WARN_UNREACHABLE_CODE = YES;
				CLANG_WARN__DUPLICATE_METHOD_MATCH = YES;
				COPY_PHASE_STRIP = NO;
				DEBUG_INFORMATION_FORMAT = "dwarf-with-dsym";
				ENABLE_NS_ASSERTIONS = NO;
				ENABLE_STRICT_OBJC_MSGSEND = YES;
				GCC_C_LANGUAGE_STANDARD = gnu11;
				GCC_NO_COMMON_BLOCKS = YES;
				GCC_WARN_64_TO_32_BIT_CONVERSION = YES;
				GCC_WARN_ABOUT_RETURN_TYPE = YES_ERROR;
				GCC_WARN_UNDECLARED_SELECTOR = YES;
				GCC_WARN_UNINITIALIZED_AUTOS = YES_AGGRESSIVE;
				GCC_WARN_UNUSED_FUNCTION = YES;
				GCC_WARN_UNUSED_VARIABLE = YES;
				MACOSX_DEPLOYMENT_TARGET = 10.15;
				MTL_ENABLE_DEBUG_INFO = NO;
				MTL_FAST_MATH = YES;
				SDKROOT = macosx;
			};
			name = Release;
		};
		B0BE17CA256E1F87009571B8 /* Debug */ = {
			isa = XCBuildConfiguration;
			buildSettings = {
				ASSETCATALOG_COMPILER_APPICON_NAME = AppIcon;
				ASSETCATALOG_COMPILER_GLOBAL_ACCENT_COLOR_NAME = AccentColor;
				CODE_SIGN_ENTITLEMENTS = Bussola/Bussola.entitlements;
				CODE_SIGN_STYLE = Automatic;
				COMBINE_HIDPI_IMAGES = YES;
				DEVELOPMENT_TEAM = L9478F466F;
				ENABLE_HARDENED_RUNTIME = YES;
				INFOPLIST_FILE = Bussola/Info.plist;
				LD_RUNPATH_SEARCH_PATHS = (
					"$(inherited)",
					"@executable_path/../Frameworks",
				);
				PRODUCT_BUNDLE_IDENTIFIER = com.robmarano.macos.Bussola;
				PRODUCT_NAME = "$(TARGET_NAME)";
			};
			name = Debug;
		};
		B0BE17CB256E1F87009571B8 /* Release */ = {
			isa = XCBuildConfiguration;
			buildSettings = {
				ASSETCATALOG_COMPILER_APPICON_NAME = AppIcon;
				ASSETCATALOG_COMPILER_GLOBAL_ACCENT_COLOR_NAME = AccentColor;
				CODE_SIGN_ENTITLEMENTS = Bussola/Bussola.entitlements;
				CODE_SIGN_STYLE = Automatic;
				COMBINE_HIDPI_IMAGES = YES;
				DEVELOPMENT_TEAM = L9478F466F;
				ENABLE_HARDENED_RUNTIME = YES;
				INFOPLIST_FILE = Bussola/Info.plist;
				LD_RUNPATH_SEARCH_PATHS = (
					"$(inherited)",
					"@executable_path/../Frameworks",
				);
				PRODUCT_BUNDLE_IDENTIFIER = com.robmarano.macos.Bussola;
				PRODUCT_NAME = "$(TARGET_NAME)";
			};
			name = Release;
		};
		B0BE17CD256E1F87009571B8 /* Debug */ = {
			isa = XCBuildConfiguration;
			buildSettings = {
				BUNDLE_LOADER = "$(TEST_HOST)";
				CODE_SIGN_STYLE = Automatic;
				COMBINE_HIDPI_IMAGES = YES;
				DEVELOPMENT_TEAM = L9478F466F;
				INFOPLIST_FILE = BussolaTests/Info.plist;
				LD_RUNPATH_SEARCH_PATHS = (
					"$(inherited)",
					"@executable_path/../Frameworks",
					"@loader_path/../Frameworks",
				);
				MACOSX_DEPLOYMENT_TARGET = 10.15;
				PRODUCT_BUNDLE_IDENTIFIER = com.robmarano.macos.BussolaTests;
				PRODUCT_NAME = "$(TARGET_NAME)";
				TEST_HOST = "$(BUILT_PRODUCTS_DIR)/Bussola.app/Contents/MacOS/Bussola";
			};
			name = Debug;
		};
		B0BE17CE256E1F87009571B8 /* Release */ = {
			isa = XCBuildConfiguration;
			buildSettings = {
				BUNDLE_LOADER = "$(TEST_HOST)";
				CODE_SIGN_STYLE = Automatic;
				COMBINE_HIDPI_IMAGES = YES;
				DEVELOPMENT_TEAM = L9478F466F;
				INFOPLIST_FILE = BussolaTests/Info.plist;
				LD_RUNPATH_SEARCH_PATHS = (
					"$(inherited)",
					"@executable_path/../Frameworks",
					"@loader_path/../Frameworks",
				);
				MACOSX_DEPLOYMENT_TARGET = 10.15;
				PRODUCT_BUNDLE_IDENTIFIER = com.robmarano.macos.BussolaTests;
				PRODUCT_NAME = "$(TARGET_NAME)";
				TEST_HOST = "$(BUILT_PRODUCTS_DIR)/Bussola.app/Contents/MacOS/Bussola";
			};
			name = Release;
		};
		B0BE17D0256E1F87009571B8 /* Debug */ = {
			isa = XCBuildConfiguration;
			buildSettings = {
				CODE_SIGN_STYLE = Automatic;
				COMBINE_HIDPI_IMAGES = YES;
				DEVELOPMENT_TEAM = L9478F466F;
				INFOPLIST_FILE = BussolaUITests/Info.plist;
				LD_RUNPATH_SEARCH_PATHS = (
					"$(inherited)",
					"@executable_path/../Frameworks",
					"@loader_path/../Frameworks",
				);
				PRODUCT_BUNDLE_IDENTIFIER = com.robmarano.macos.BussolaUITests;
				PRODUCT_NAME = "$(TARGET_NAME)";
				TEST_TARGET_NAME = Bussola;
			};
			name = Debug;
		};
		B0BE17D1256E1F87009571B8 /* Release */ = {
			isa = XCBuildConfiguration;
			buildSettings = {
				CODE_SIGN_STYLE = Automatic;
				COMBINE_HIDPI_IMAGES = YES;
				DEVELOPMENT_TEAM = L9478F466F;
				INFOPLIST_FILE = BussolaUITests/Info.plist;
				LD_RUNPATH_SEARCH_PATHS = (
					"$(inherited)",
					"@executable_path/../Frameworks",
					"@loader_path/../Frameworks",
				);
				PRODUCT_BUNDLE_IDENTIFIER = com.robmarano.macos.BussolaUITests;
				PRODUCT_NAME = "$(TARGET_NAME)";
				TEST_TARGET_NAME = Bussola;
			};
			name = Release;
		};
/* End XCBuildConfiguration section */

/* Begin XCConfigurationList section */
		B0BE179A256E1F84009571B8 /* Build configuration list for PBXProject "Bussola" */ = {
			isa = XCConfigurationList;
			buildConfigurations = (
				B0BE17C7256E1F87009571B8 /* Debug */,
				B0BE17C8256E1F87009571B8 /* Release */,
			);
			defaultConfigurationIsVisible = 0;
			defaultConfigurationName = Release;
		};
		B0BE17C9256E1F87009571B8 /* Build configuration list for PBXNativeTarget "Bussola" */ = {
			isa = XCConfigurationList;
			buildConfigurations = (
				B0BE17CA256E1F87009571B8 /* Debug */,
				B0BE17CB256E1F87009571B8 /* Release */,
			);
			defaultConfigurationIsVisible = 0;
			defaultConfigurationName = Release;
		};
		B0BE17CC256E1F87009571B8 /* Build configuration list for PBXNativeTarget "BussolaTests" */ = {
			isa = XCConfigurationList;
			buildConfigurations = (
				B0BE17CD256E1F87009571B8 /* Debug */,
				B0BE17CE256E1F87009571B8 /* Release */,
			);
			defaultConfigurationIsVisible = 0;
			defaultConfigurationName = Release;
		};
		B0BE17CF256E1F87009571B8 /* Build configuration list for PBXNativeTarget "BussolaUITests" */ = {
			isa = XCConfigurationList;
			buildConfigurations = (
				B0BE17D0256E1F87009571B8 /* Debug */,
				B0BE17D1256E1F87009571B8 /* Release */,
			);
			defaultConfigurationIsVisible = 0;
			defaultConfigurationName = Release;
		};
/* End XCConfigurationList section */
	};
	rootObject = B0BE1797256E1F84009571B8 /* Project object */;
}
